FORGE
  remote: https://forgeapi.puppetlabs.com
  specs:
    arioch-redis (0.0.7)
      puppetlabs-apt (>= 1.4.0)
      puppetlabs-stdlib (>= 4.0.0)
    example42-mongodb (2.0.15)
      example42-puppi (>= 2.0.0)
    example42-puppi (2.1.9)
    example42-yum (2.1.10)
      example42-puppi (>= 2.0.0)
    puppetlabs-apt (1.4.2)
      puppetlabs-stdlib (>= 2.2.1)
    puppetlabs-nginx (99.99.99)
      puppetlabs-stdlib (>= 0.1.6)
    puppetlabs-stdlib (4.2.1)

DEPENDENCIES
  arioch-redis (>= 0)
  example42-mongodb (>= 0)
  example42-yum (>= 0)
  puppetlabs-nginx (>= 0)
  puppetlabs-stdlib (>= 0)

